
Microsoft Visual Studio Solution File, Format Version 12.00
# Visual Studio Version 17
VisualStudioVersion = 17.5.33516.290
MinimumVisualStudioVersion = 10.0.40219.1
Project("{FAE04EC0-301F-11D3-BF4B-00C04F79EFBC}") = "GestoreEventi", "GestoreEventi\GestoreEventi.csproj", "{87D4F330-DCDF-487D-A022-99AE08CCFCFA}"
EndProject
Global
	GlobalSection(SolutionConfigurationPlatforms) = preSolution
		Debug|Any CPU = Debug|Any CPU
		Release|Any CPU = Release|Any CPU
	EndGlobalSection
	GlobalSection(ProjectConfigurationPlatforms) = postSolution
		{87D4F330-DCDF-487D-A022-99AE08CCFCFA}.Debug|Any CPU.ActiveCfg = Debug|Any CPU
		{87D4F330-DCDF-487D-A022-99AE08CCFCFA}.Debug|Any CPU.Build.0 = Debug|Any CPU
		{87D4F330-DCDF-487D-A022-99AE08CCFCFA}.Release|Any CPU.ActiveCfg = Release|Any CPU
		{87D4F330-DCDF-487D-A022-99AE08CCFCFA}.Release|Any CPU.Build.0 = Release|Any CPU
	EndGlobalSection
	GlobalSection(SolutionProperties) = preSolution
		HideSolutionNode = FALSE
	EndGlobalSection
	GlobalSection(ExtensibilityGlobals) = postSolution
		SolutionGuid = {36E5C55D-07BE-44C8-9422-C2E462D6B0C3}
	EndGlobalSection
EndGlobal
